
Microsoft Visual Studio Solution File, Format Version 12.00
# Visual Studio Version 16
VisualStudioVersion = 16.0.30330.147
MinimumVisualStudioVersion = 10.0.40219.1
Project("{9A19103F-16F7-4668-BE54-9A1E7A4F7556}") = "f14.Common", "src\f14.Common\f14.Common.csproj", "{379E23D9-45E8-4274-8137-2399E3C3A3C4}"
EndProject
Project("{9A19103F-16F7-4668-BE54-9A1E7A4F7556}") = "f14.Common.Tests", "src\Tests\f14.Common.Tests\f14.Common.Tests.csproj", "{F2C0974C-6AB4-49BA-8214-EEAF17AF93EA}"
EndProject
Project("{2150E333-8FDC-42A3-9474-1A3956D46DE8}") = "Rules", "Rules", "{45F4219C-26EF-4E45-9FA8-4EE825227658}"
	ProjectSection(SolutionItems) = preProject
		f14.Toolkit.ruleset = f14.Toolkit.ruleset
	EndProjectSection
EndProject
Global
	GlobalSection(SolutionConfigurationPlatforms) = preSolution
		Debug|Any CPU = Debug|Any CPU
		Release|Any CPU = Release|Any CPU
	EndGlobalSection
	GlobalSection(ProjectConfigurationPlatforms) = postSolution
		{379E23D9-45E8-4274-8137-2399E3C3A3C4}.Debug|Any CPU.ActiveCfg = Debug|Any CPU
		{379E23D9-45E8-4274-8137-2399E3C3A3C4}.Debug|Any CPU.Build.0 = Debug|Any CPU
		{379E23D9-45E8-4274-8137-2399E3C3A3C4}.Release|Any CPU.ActiveCfg = Release|Any CPU
		{379E23D9-45E8-4274-8137-2399E3C3A3C4}.Release|Any CPU.Build.0 = Release|Any CPU
		{F2C0974C-6AB4-49BA-8214-EEAF17AF93EA}.Debug|Any CPU.ActiveCfg = Debug|Any CPU
		{F2C0974C-6AB4-49BA-8214-EEAF17AF93EA}.Debug|Any CPU.Build.0 = Debug|Any CPU
		{F2C0974C-6AB4-49BA-8214-EEAF17AF93EA}.Release|Any CPU.ActiveCfg = Release|Any CPU
		{F2C0974C-6AB4-49BA-8214-EEAF17AF93EA}.Release|Any CPU.Build.0 = Release|Any CPU
	EndGlobalSection
	GlobalSection(SolutionProperties) = preSolution
		HideSolutionNode = FALSE
	EndGlobalSection
	GlobalSection(ExtensibilityGlobals) = postSolution
		SolutionGuid = {2EFAEBF2-7056-4B70-95F6-F97F75FA327C}
	EndGlobalSection
EndGlobal
